Microsoft Visual Studio Solution File, Format Version 12.00
# Visual Studio 2012
Project("{FAE04EC0-301F-11D3-BF4B-00C04F79EFBC}") = "GodotPuzzlemaker", "GodotPuzzlemaker.csproj", "{A6B77842-8B8F-4440-B170-3B13141A0912}"
EndProject
Global
	GlobalSection(SolutionConfigurationPlatforms) = preSolution
	Debug|Any CPU = Debug|Any CPU
	ExportDebug|Any CPU = ExportDebug|Any CPU
	ExportRelease|Any CPU = ExportRelease|Any CPU
	EndGlobalSection
	GlobalSection(ProjectConfigurationPlatforms) = postSolution
		{A6B77842-8B8F-4440-B170-3B13141A0912}.Debug|Any CPU.ActiveCfg = Debug|Any CPU
		{A6B77842-8B8F-4440-B170-3B13141A0912}.Debug|Any CPU.Build.0 = Debug|Any CPU
		{A6B77842-8B8F-4440-B170-3B13141A0912}.ExportDebug|Any CPU.ActiveCfg = ExportDebug|Any CPU
		{A6B77842-8B8F-4440-B170-3B13141A0912}.ExportDebug|Any CPU.Build.0 = ExportDebug|Any CPU
		{A6B77842-8B8F-4440-B170-3B13141A0912}.ExportRelease|Any CPU.ActiveCfg = ExportRelease|Any CPU
		{A6B77842-8B8F-4440-B170-3B13141A0912}.ExportRelease|Any CPU.Build.0 = ExportRelease|Any CPU
	EndGlobalSection
EndGlobal
